<?xml version="1.0" encoding="UTF-8" standalone="yes" ?>
<CodeBlocks_project_file>
	<FileVersion major="1" minor="6" />
	<Project>
		<Option title="wxWidgets_hello_world rys" />
		<Option pch_mode="2" />
		<Option compiler="gcc" />
		<Build>
			<Target title="Debug">
				<Option output="bin/Debug/wxWidgets_hello_world" prefix_auto="1" extension_auto="1" />
				<Option object_output="obj/Debug/" />
				<Option type="1" />
				<Option compiler="gcc" />
				<Option use_console_runner="0" />
				<Option projectLinkerOptionsRelation="2" />
				<Compiler>
					<Add option="-g" />
					<Add option="-D__WXDEBUG__" />
					<Add directory="C:/wxWidgets3.1.0/lib/gcc510TDM_x64_dll/mswud" />
				</Compiler>
				<ResourceCompiler>
					<Add directory="C:/wxWidgets3.1.0/lib/gcc510TDM_x64_dll/mswud" />
				</ResourceCompiler>
				<Linker>
					<Add library="libwxmsw30u_xrc.a" />
					<Add library="libwxbase30u_xml.a" />
					<Add library="libwxmsw30u_adv.a" />
					<Add library="libwxmsw30u_html.a" />
					<Add library="libwxmsw30u_core.a" />
					<Add library="libwxbase30u.a" />
					<Add library="libwxpng.a" />
					<Add library="libwxzlib.a" />
					<Add directory="C:/wxWidgets3.1.0/lib/gcc510TDM_x64_dll" />
				</Linker>
			</Target>
			<Target title="Release">
				<Option output="bin/Release/wxWidgets_hello_world" prefix_auto="1" extension_auto="1" />
				<Option object_output="obj/Release/" />
				<Option type="0" />
				<Option compiler="gcc" />
				<Option projectLinkerOptionsRelation="2" />
				<Compiler>
					<Add option="-O2" />
					<Add directory="C:/wxWidgets3.1.0/lib/gcc510TDM_x64_dll/mswu" />
				</Compiler>
				<ResourceCompiler>
					<Add directory="C:/wxWidgets3.1.0/lib/gcc510TDM_x64_dll/mswu" />
				</ResourceCompiler>
				<Linker>
					<Add option="-s" />
					<Add library="libwxmsw31u_xrc.a" />
					<Add library="libwxbase31u_xml.a" />
					<Add library="libwxmsw31u_adv.a" />
					<Add library="libwxmsw31u_html.a" />
					<Add library="libwxmsw31u_core.a" />
					<Add library="libwxbase31u.a" />
					<Add library="libwxpng.a" />
					<Add library="libwxzlib.a" />
					<Add directory="C:/wxWidgets3.1.0/lib/gcc510TDM_x64_dll" />
				</Linker>
			</Target>
		</Build>
		<Compiler>
			<Add option="-Wall" />
			<Add option="-pipe" />
			<Add option="-mthreads" />
			<Add option="-D__GNUWIN32__" />
			<Add option="-D__WXMSW__" />
			<Add option="-DwxUSE_UNICODE" />
			<Add directory="C:/wxWidgets3.1.0/include" />
		</Compiler>
		<ResourceCompiler>
			<Add directory="C:/wxWidgets3.1.0/include" />
		</ResourceCompiler>
		<Linker>
			<Add option="-mthreads" />
			<Add library="libkernel32.a" />
			<Add library="libuser32.a" />
			<Add library="libgdi32.a" />
			<Add library="libwinspool.a" />
			<Add library="libcomdlg32.a" />
			<Add library="libadvapi32.a" />
			<Add library="libshell32.a" />
			<Add library="libole32.a" />
			<Add library="liboleaut32.a" />
			<Add library="libuuid.a" />
			<Add library="libcomctl32.a" />
			<Add library="libwsock32.a" />
			<Add library="libodbc32.a" />
		</Linker>
		<Unit filename="Buttons.cpp" />
		<Unit filename="Buttons.h" />
		<Unit filename="GUIresource.xrc" />
		<Unit filename="IdColorEnum.h" />
		<Unit filename="WorkPanel.cpp" />
		<Unit filename="WorkPanel.h" />
		<Unit filename="main.cpp" />
		<Unit filename="main.h" />
		<Unit filename="resource.rc">
			<Option compilerVar="WINDRES" />
		</Unit>
		<Unit filename="rootFrame.cpp" />
		<Unit filename="rootFrame.h" />
		<Extensions>
			<code_completion />
			<envvars />
			<debugger />
			<wxsmith version="1">
				<gui name="wxWidgets" src="wxWidgets_hello_worldApp.cpp" main="-- None --" init_handlers="necessary" language="CPP" />
			</wxsmith>
		</Extensions>
	</Project>
</CodeBlocks_project_file>
